
Microsoft Visual Studio Solution File, Format Version 12.00
# Visual Studio 15
VisualStudioVersion = 15.0.28010.2046
MinimumVisualStudioVersion = 10.0.40219.1
Project("{9A19103F-16F7-4668-BE54-9A1E7A4F7556}") = "PlayGround", "PlayGround\PlayGround.csproj", "{A7A52A5F-2D46-4029-9F9C-FEEC97B5E141}"
EndProject
Project("{FAE04EC0-301F-11D3-BF4B-00C04F79EFBC}") = "CalculatorUnitTestProject", "CalculatorUnitTestProject\CalculatorUnitTestProject.csproj", "{9440C258-7FB4-4A0E-ACC4-3D07A5AB74FA}"
EndProject
Project("{FAE04EC0-301F-11D3-BF4B-00C04F79EFBC}") = "Calculator", "Calculator\Calculator.csproj", "{2D0D4A2C-8279-4CF4-89B4-6D61A96B66CD}"
EndProject
Global
	GlobalSection(SolutionConfigurationPlatforms) = preSolution
		Debug|Any CPU = Debug|Any CPU
		Release|Any CPU = Release|Any CPU
	EndGlobalSection
	GlobalSection(ProjectConfigurationPlatforms) = postSolution
		{A7A52A5F-2D46-4029-9F9C-FEEC97B5E141}.Debug|Any CPU.ActiveCfg = Debug|Any CPU
		{A7A52A5F-2D46-4029-9F9C-FEEC97B5E141}.Debug|Any CPU.Build.0 = Debug|Any CPU
		{A7A52A5F-2D46-4029-9F9C-FEEC97B5E141}.Release|Any CPU.ActiveCfg = Release|Any CPU
		{A7A52A5F-2D46-4029-9F9C-FEEC97B5E141}.Release|Any CPU.Build.0 = Release|Any CPU
		{9440C258-7FB4-4A0E-ACC4-3D07A5AB74FA}.Debug|Any CPU.ActiveCfg = Debug|Any CPU
		{9440C258-7FB4-4A0E-ACC4-3D07A5AB74FA}.Debug|Any CPU.Build.0 = Debug|Any CPU
		{9440C258-7FB4-4A0E-ACC4-3D07A5AB74FA}.Release|Any CPU.ActiveCfg = Release|Any CPU
		{9440C258-7FB4-4A0E-ACC4-3D07A5AB74FA}.Release|Any CPU.Build.0 = Release|Any CPU
		{2D0D4A2C-8279-4CF4-89B4-6D61A96B66CD}.Debug|Any CPU.ActiveCfg = Debug|Any CPU
		{2D0D4A2C-8279-4CF4-89B4-6D61A96B66CD}.Debug|Any CPU.Build.0 = Debug|Any CPU
		{2D0D4A2C-8279-4CF4-89B4-6D61A96B66CD}.Release|Any CPU.ActiveCfg = Release|Any CPU
		{2D0D4A2C-8279-4CF4-89B4-6D61A96B66CD}.Release|Any CPU.Build.0 = Release|Any CPU
	EndGlobalSection
	GlobalSection(SolutionProperties) = preSolution
		HideSolutionNode = FALSE
	EndGlobalSection
	GlobalSection(ExtensibilityGlobals) = postSolution
		SolutionGuid = {CE777472-5ADB-484D-8D04-5ACE5A9389F5}
	EndGlobalSection
EndGlobal
